// !$*UTF8*$!
{
	archiveVersion = 1;
	classes = {
	};
	objectVersion = 46;
	objects = {

/* Begin PBXBuildFile section */
		580103561A8DA44000FC45A0 /* AppDelegate.m in Sources */ = {isa = PBXBuildFile; fileRef = 580103551A8DA44000FC45A0 /* AppDelegate.m */; };
		580103581A8DA44000FC45A0 /* main.m in Sources */ = {isa = PBXBuildFile; fileRef = 580103571A8DA44000FC45A0 /* main.m */; };
		5801035B1A8DA44000FC45A0 /* Document.m in Sources */ = {isa = PBXBuildFile; fileRef = 5801035A1A8DA44000FC45A0 /* Document.m */; };
		5801035E1A8DA44000FC45A0 /* Document.xib in Resources */ = {isa = PBXBuildFile; fileRef = 5801035C1A8DA44000FC45A0 /* Document.xib */; };
		580103611A8DA44000FC45A0 /* Document.xcdatamodeld in Sources */ = {isa = PBXBuildFile; fileRef = 5801035F1A8DA44000FC45A0 /* Document.xcdatamodeld */; };
		580103631A8DA44000FC45A0 /* Images.xcassets in Resources */ = {isa = PBXBuildFile; fileRef = 580103621A8DA44000FC45A0 /* Images.xcassets */; };
		580103661A8DA44000FC45A0 /* MainMenu.xib in Resources */ = {isa = PBXBuildFile; fileRef = 580103641A8DA44000FC45A0 /* MainMenu.xib */; };
		580103721A8DA44100FC45A0 /* Sermon_Slide_GeneratorTests.m in Sources */ = {isa = PBXBuildFile; fileRef = 580103711A8DA44100FC45A0 /* Sermon_Slide_GeneratorTests.m */; };
		5871E4261AA8073A000BB448 /* KeyPressWindow.m in Sources */ = {isa = PBXBuildFile; fileRef = 5871E4251AA8073A000BB448 /* KeyPressWindow.m */; };
		5871E4271AA8073A000BB448 /* KeyPressWindow.m in Sources */ = {isa = PBXBuildFile; fileRef = 5871E4251AA8073A000BB448 /* KeyPressWindow.m */; };
		58838C651A9D6768008D5906 /* DisplayOutputManager.m in Sources */ = {isa = PBXBuildFile; fileRef = 58838C641A9D6768008D5906 /* DisplayOutputManager.m */; };
		58838C661A9D6768008D5906 /* DisplayOutputManager.m in Sources */ = {isa = PBXBuildFile; fileRef = 58838C641A9D6768008D5906 /* DisplayOutputManager.m */; };
		58838C691A9D7597008D5906 /* DisplayLayoutView.m in Sources */ = {isa = PBXBuildFile; fileRef = 58838C681A9D7597008D5906 /* DisplayLayoutView.m */; };
		58838C6A1A9D7597008D5906 /* DisplayLayoutView.m in Sources */ = {isa = PBXBuildFile; fileRef = 58838C681A9D7597008D5906 /* DisplayLayoutView.m */; };
		58838C751A9ECC6E008D5906 /* WKCollectionView.m in Sources */ = {isa = PBXBuildFile; fileRef = 58838C6E1A9ECC6E008D5906 /* WKCollectionView.m */; };
		58838C761A9ECC6E008D5906 /* WKCollectionView.m in Sources */ = {isa = PBXBuildFile; fileRef = 58838C6E1A9ECC6E008D5906 /* WKCollectionView.m */; };
		58838C771A9ECC6E008D5906 /* WKCollectionViewCell.m in Sources */ = {isa = PBXBuildFile; fileRef = 58838C701A9ECC6E008D5906 /* WKCollectionViewCell.m */; };
		58838C781A9ECC6E008D5906 /* WKCollectionViewCell.m in Sources */ = {isa = PBXBuildFile; fileRef = 58838C701A9ECC6E008D5906 /* WKCollectionViewCell.m */; };
		58838C791A9ECC6E008D5906 /* WKCollectionViewSectionHeaderView.m in Sources */ = {isa = PBXBuildFile; fileRef = 58838C721A9ECC6E008D5906 /* WKCollectionViewSectionHeaderView.m */; };
		58838C7A1A9ECC6E008D5906 /* WKCollectionViewSectionHeaderView.m in Sources */ = {isa = PBXBuildFile; fileRef = 58838C721A9ECC6E008D5906 /* WKCollectionViewSectionHeaderView.m */; };
		58838C7B1A9ECC6E008D5906 /* WKCollectionSectionView.m in Sources */ = {isa = PBXBuildFile; fileRef = 58838C741A9ECC6E008D5906 /* WKCollectionSectionView.m */; };
		58838C7C1A9ECC6E008D5906 /* WKCollectionSectionView.m in Sources */ = {isa = PBXBuildFile; fileRef = 58838C741A9ECC6E008D5906 /* WKCollectionSectionView.m */; };
		58C093EF1A8E849600F1F964 /* SlideRenderer.m in Sources */ = {isa = PBXBuildFile; fileRef = 58C093EE1A8E849600F1F964 /* SlideRenderer.m */; };
		58C093F01A8E849600F1F964 /* SlideRenderer.m in Sources */ = {isa = PBXBuildFile; fileRef = 58C093EE1A8E849600F1F964 /* SlideRenderer.m */; };
		58C093F31A8E855A00F1F964 /* SlideContainer.m in Sources */ = {isa = PBXBuildFile; fileRef = 58C093F21A8E855A00F1F964 /* SlideContainer.m */; };
		58C093F41A8E855A00F1F964 /* SlideContainer.m in Sources */ = {isa = PBXBuildFile; fileRef = 58C093F21A8E855A00F1F964 /* SlideContainer.m */; };
		58C093F81A8E862900F1F964 /* SlideElement.m in Sources */ = {isa = PBXBuildFile; fileRef = 58C093F71A8E862900F1F964 /* SlideElement.m */; };
		58C093F91A8E862900F1F964 /* SlideElement.m in Sources */ = {isa = PBXBuildFile; fileRef = 58C093F71A8E862900F1F964 /* SlideElement.m */; };
		58DFF85F1A913B1400C8BFA6 /* WKTTableRow.m in Sources */ = {isa = PBXBuildFile; fileRef = 58DFF85E1A913B1400C8BFA6 /* WKTTableRow.m */; };
		58DFF8601A913B1400C8BFA6 /* WKTTableRow.m in Sources */ = {isa = PBXBuildFile; fileRef = 58DFF85E1A913B1400C8BFA6 /* WKTTableRow.m */; };
		58DFF8631A91613800C8BFA6 /* Sermon.m in Sources */ = {isa = PBXBuildFile; fileRef = 58DFF8621A91613800C8BFA6 /* Sermon.m */; };
		58DFF8641A91613800C8BFA6 /* Sermon.m in Sources */ = {isa = PBXBuildFile; fileRef = 58DFF8621A91613800C8BFA6 /* Sermon.m */; };
		58DFF8671A91613800C8BFA6 /* Slide.m in Sources */ = {isa = PBXBuildFile; fileRef = 58DFF8661A91613800C8BFA6 /* Slide.m */; };
		58DFF8681A91613800C8BFA6 /* Slide.m in Sources */ = {isa = PBXBuildFile; fileRef = 58DFF8661A91613800C8BFA6 /* Slide.m */; };
		58FCCD4B1A9A7621006262AA /* ThumbnailViewController.m in Sources */ = {isa = PBXBuildFile; fileRef = 58FCCD4A1A9A7621006262AA /* ThumbnailViewController.m */; };
		58FCCD4C1A9A7621006262AA /* ThumbnailViewController.m in Sources */ = {isa = PBXBuildFile; fileRef = 58FCCD4A1A9A7621006262AA /* ThumbnailViewController.m */; };
/* End PBXBuildFile section */

/* Begin PBXContainerItemProxy section */
		5801036C1A8DA44000FC45A0 /* PBXContainerItemProxy */ = {
			isa = PBXContainerItemProxy;
			containerPortal = 580103471A8DA44000FC45A0 /* Project object */;
			proxyType = 1;
			remoteGlobalIDString = 5801034E1A8DA44000FC45A0;
			remoteInfo = "Sermon Slide Generator";
		};
/* End PBXContainerItemProxy section */

/* Begin PBXFileReference section */
		5801034F1A8DA44000FC45A0 /* Sermon Slide Generator.app */ = {isa = PBXFileReference; explicitFileType = wrapper.application; includeInIndex = 0; path = "Sermon Slide Generator.app"; sourceTree = BUILT_PRODUCTS_DIR; };
		580103531A8DA44000FC45A0 /* Info.plist */ = {isa = PBXFileReference; lastKnownFileType = text.plist.xml; path = Info.plist; sourceTree = "<group>"; };
		580103541A8DA44000FC45A0 /* AppDelegate.h */ = {isa = PBXFileReference; lastKnownFileType = sourcecode.c.h; path = AppDelegate.h; sourceTree = "<group>"; };
		580103551A8DA44000FC45A0 /* AppDelegate.m */ = {isa = PBXFileReference; lastKnownFileType = sourcecode.c.objc; path = AppDelegate.m; sourceTree = "<group>"; };
		580103571A8DA44000FC45A0 /* main.m */ = {isa = PBXFileReference; lastKnownFileType = sourcecode.c.objc; path = main.m; sourceTree = "<group>"; };
		580103591A8DA44000FC45A0 /* Document.h */ = {isa = PBXFileReference; lastKnownFileType = sourcecode.c.h; path = Document.h; sourceTree = "<group>"; };
		5801035A1A8DA44000FC45A0 /* Document.m */ = {isa = PBXFileReference; lastKnownFileType = sourcecode.c.objc; path = Document.m; sourceTree = "<group>"; };
		5801035D1A8DA44000FC45A0 /* Base */ = {isa = PBXFileReference; lastKnownFileType = file.xib; name = Base; path = Base.lproj/Document.xib; sourceTree = "<group>"; };
		580103601A8DA44000FC45A0 /* Document.xcdatamodel */ = {isa = PBXFileReference; lastKnownFileType = wrapper.xcdatamodel; path = Document.xcdatamodel; sourceTree = "<group>"; };
		580103621A8DA44000FC45A0 /* Images.xcassets */ = {isa = PBXFileReference; lastKnownFileType = folder.assetcatalog; path = Images.xcassets; sourceTree = "<group>"; };
		580103651A8DA44000FC45A0 /* Base */ = {isa = PBXFileReference; lastKnownFileType = file.xib; name = Base; path = Base.lproj/MainMenu.xib; sourceTree = "<group>"; };
		5801036B1A8DA44000FC45A0 /* Sermon Slide GeneratorTests.xctest */ = {isa = PBXFileReference; explicitFileType = wrapper.cfbundle; includeInIndex = 0; path = "Sermon Slide GeneratorTests.xctest"; sourceTree = BUILT_PRODUCTS_DIR; };
		580103701A8DA44100FC45A0 /* Info.plist */ = {isa = PBXFileReference; lastKnownFileType = text.plist.xml; path = Info.plist; sourceTree = "<group>"; };
		580103711A8DA44100FC45A0 /* Sermon_Slide_GeneratorTests.m */ = {isa = PBXFileReference; lastKnownFileType = sourcecode.c.objc; path = Sermon_Slide_GeneratorTests.m; sourceTree = "<group>"; };
		5871E4241AA8073A000BB448 /* KeyPressWindow.h */ = {isa = PBXFileReference; fileEncoding = 4; lastKnownFileType = sourcecode.c.h; path = KeyPressWindow.h; sourceTree = "<group>"; };
		5871E4251AA8073A000BB448 /* KeyPressWindow.m */ = {isa = PBXFileReference; fileEncoding = 4; lastKnownFileType = sourcecode.c.objc; path = KeyPressWindow.m; sourceTree = "<group>"; };
		58838C631A9D6768008D5906 /* DisplayOutputManager.h */ = {isa = PBXFileReference; fileEncoding = 4; lastKnownFileType = sourcecode.c.h; path = DisplayOutputManager.h; sourceTree = "<group>"; };
		58838C641A9D6768008D5906 /* DisplayOutputManager.m */ = {isa = PBXFileReference; fileEncoding = 4; lastKnownFileType = sourcecode.c.objc; path = DisplayOutputManager.m; sourceTree = "<group>"; };
		58838C671A9D7597008D5906 /* DisplayLayoutView.h */ = {isa = PBXFileReference; fileEncoding = 4; lastKnownFileType = sourcecode.c.h; path = DisplayLayoutView.h; sourceTree = "<group>"; };
		58838C681A9D7597008D5906 /* DisplayLayoutView.m */ = {isa = PBXFileReference; fileEncoding = 4; lastKnownFileType = sourcecode.c.objc; path = DisplayLayoutView.m; sourceTree = "<group>"; };
		58838C6D1A9ECC6E008D5906 /* WKCollectionView.h */ = {isa = PBXFileReference; fileEncoding = 4; lastKnownFileType = sourcecode.c.h; path = WKCollectionView.h; sourceTree = "<group>"; };
		58838C6E1A9ECC6E008D5906 /* WKCollectionView.m */ = {isa = PBXFileReference; fileEncoding = 4; lastKnownFileType = sourcecode.c.objc; path = WKCollectionView.m; sourceTree = "<group>"; };
		58838C6F1A9ECC6E008D5906 /* WKCollectionViewCell.h */ = {isa = PBXFileReference; fileEncoding = 4; lastKnownFileType = sourcecode.c.h; path = WKCollectionViewCell.h; sourceTree = "<group>"; };
		58838C701A9ECC6E008D5906 /* WKCollectionViewCell.m */ = {isa = PBXFileReference; fileEncoding = 4; lastKnownFileType = sourcecode.c.objc; path = WKCollectionViewCell.m; sourceTree = "<group>"; };
		58838C711A9ECC6E008D5906 /* WKCollectionViewSectionHeaderView.h */ = {isa = PBXFileReference; fileEncoding = 4; lastKnownFileType = sourcecode.c.h; path = WKCollectionViewSectionHeaderView.h; sourceTree = "<group>"; };
		58838C721A9ECC6E008D5906 /* WKCollectionViewSectionHeaderView.m */ = {isa = PBXFileReference; fileEncoding = 4; lastKnownFileType = sourcecode.c.objc; path = WKCollectionViewSectionHeaderView.m; sourceTree = "<group>"; };
		58838C731A9ECC6E008D5906 /* WKCollectionSectionView.h */ = {isa = PBXFileReference; fileEncoding = 4; lastKnownFileType = sourcecode.c.h; path = WKCollectionSectionView.h; sourceTree = "<group>"; };
		58838C741A9ECC6E008D5906 /* WKCollectionSectionView.m */ = {isa = PBXFileReference; fileEncoding = 4; lastKnownFileType = sourcecode.c.objc; path = WKCollectionSectionView.m; sourceTree = "<group>"; };
		58C093ED1A8E849600F1F964 /* SlideRenderer.h */ = {isa = PBXFileReference; fileEncoding = 4; lastKnownFileType = sourcecode.c.h; path = SlideRenderer.h; sourceTree = "<group>"; };
		58C093EE1A8E849600F1F964 /* SlideRenderer.m */ = {isa = PBXFileReference; fileEncoding = 4; lastKnownFileType = sourcecode.c.objc; path = SlideRenderer.m; sourceTree = "<group>"; };
		58C093F11A8E855A00F1F964 /* SlideContainer.h */ = {isa = PBXFileReference; fileEncoding = 4; lastKnownFileType = sourcecode.c.h; path = SlideContainer.h; sourceTree = "<group>"; };
		58C093F21A8E855A00F1F964 /* SlideContainer.m */ = {isa = PBXFileReference; fileEncoding = 4; lastKnownFileType = sourcecode.c.objc; path = SlideContainer.m; sourceTree = "<group>"; };
		58C093F61A8E862900F1F964 /* SlideElement.h */ = {isa = PBXFileReference; fileEncoding = 4; lastKnownFileType = sourcecode.c.h; path = SlideElement.h; sourceTree = "<group>"; };
		58C093F71A8E862900F1F964 /* SlideElement.m */ = {isa = PBXFileReference; fileEncoding = 4; lastKnownFileType = sourcecode.c.objc; path = SlideElement.m; sourceTree = "<group>"; };
		58DFF85D1A913B1400C8BFA6 /* WKTTableRow.h */ = {isa = PBXFileReference; fileEncoding = 4; lastKnownFileType = sourcecode.c.h; path = WKTTableRow.h; sourceTree = "<group>"; };
		58DFF85E1A913B1400C8BFA6 /* WKTTableRow.m */ = {isa = PBXFileReference; fileEncoding = 4; lastKnownFileType = sourcecode.c.objc; path = WKTTableRow.m; sourceTree = "<group>"; };
		58DFF8611A91613800C8BFA6 /* Sermon.h */ = {isa = PBXFileReference; fileEncoding = 4; lastKnownFileType = sourcecode.c.h; path = Sermon.h; sourceTree = "<group>"; };
		58DFF8621A91613800C8BFA6 /* Sermon.m */ = {isa = PBXFileReference; fileEncoding = 4; lastKnownFileType = sourcecode.c.objc; path = Sermon.m; sourceTree = "<group>"; };
		58DFF8651A91613800C8BFA6 /* Slide.h */ = {isa = PBXFileReference; fileEncoding = 4; lastKnownFileType = sourcecode.c.h; path = Slide.h; sourceTree = "<group>"; };
		58DFF8661A91613800C8BFA6 /* Slide.m */ = {isa = PBXFileReference; fileEncoding = 4; lastKnownFileType = sourcecode.c.objc; path = Slide.m; sourceTree = "<group>"; };
		58FCCD491A9A7621006262AA /* ThumbnailViewController.h */ = {isa = PBXFileReference; fileEncoding = 4; lastKnownFileType = sourcecode.c.h; path = ThumbnailViewController.h; sourceTree = "<group>"; };
		58FCCD4A1A9A7621006262AA /* ThumbnailViewController.m */ = {isa = PBXFileReference; fileEncoding = 4; lastKnownFileType = sourcecode.c.objc; path = ThumbnailViewController.m; sourceTree = "<group>"; };
/* End PBXFileReference section */

/* Begin PBXFrameworksBuildPhase section */
		5801034C1A8DA44000FC45A0 /* Frameworks */ = {
			isa = PBXFrameworksBuildPhase;
			buildActionMask = 2147483647;
			files = (
			);
			runOnlyForDeploymentPostprocessing = 0;
		};
		580103681A8DA44000FC45A0 /* Frameworks */ = {
			isa = PBXFrameworksBuildPhase;
			buildActionMask = 2147483647;
			files = (
			);
			runOnlyForDeploymentPostprocessing = 0;
		};
/* End PBXFrameworksBuildPhase section */

/* Begin PBXGroup section */
		580103461A8DA44000FC45A0 = {
			isa = PBXGroup;
			children = (
				580103511A8DA44000FC45A0 /* Sermon Slide Generator */,
				5801036E1A8DA44100FC45A0 /* Sermon Slide GeneratorTests */,
				580103501A8DA44000FC45A0 /* Products */,
			);
			sourceTree = "<group>";
		};
		580103501A8DA44000FC45A0 /* Products */ = {
			isa = PBXGroup;
			children = (
				5801034F1A8DA44000FC45A0 /* Sermon Slide Generator.app */,
				5801036B1A8DA44000FC45A0 /* Sermon Slide GeneratorTests.xctest */,
			);
			name = Products;
			sourceTree = "<group>";
		};
		580103511A8DA44000FC45A0 /* Sermon Slide Generator */ = {
			isa = PBXGroup;
			children = (
				58C093F51A8E856500F1F964 /* SlideRenderer */,
				580103541A8DA44000FC45A0 /* AppDelegate.h */,
				580103551A8DA44000FC45A0 /* AppDelegate.m */,
				58FCCD491A9A7621006262AA /* ThumbnailViewController.h */,
				58FCCD4A1A9A7621006262AA /* ThumbnailViewController.m */,
				580103591A8DA44000FC45A0 /* Document.h */,
				5801035A1A8DA44000FC45A0 /* Document.m */,
				5801035C1A8DA44000FC45A0 /* Document.xib */,
				580103621A8DA44000FC45A0 /* Images.xcassets */,
				580103641A8DA44000FC45A0 /* MainMenu.xib */,
				5801035F1A8DA44000FC45A0 /* Document.xcdatamodeld */,
				58DFF8651A91613800C8BFA6 /* Slide.h */,
				58DFF8661A91613800C8BFA6 /* Slide.m */,
				58DFF8611A91613800C8BFA6 /* Sermon.h */,
				58DFF8621A91613800C8BFA6 /* Sermon.m */,
				580103521A8DA44000FC45A0 /* Supporting Files */,
				58DFF85D1A913B1400C8BFA6 /* WKTTableRow.h */,
				58DFF85E1A913B1400C8BFA6 /* WKTTableRow.m */,
				58838C671A9D7597008D5906 /* DisplayLayoutView.h */,
				58838C681A9D7597008D5906 /* DisplayLayoutView.m */,
				58838C631A9D6768008D5906 /* DisplayOutputManager.h */,
				58838C641A9D6768008D5906 /* DisplayOutputManager.m */,
				58838C6D1A9ECC6E008D5906 /* WKCollectionView.h */,
				58838C6E1A9ECC6E008D5906 /* WKCollectionView.m */,
				58838C6F1A9ECC6E008D5906 /* WKCollectionViewCell.h */,
				58838C701A9ECC6E008D5906 /* WKCollectionViewCell.m */,
				58838C711A9ECC6E008D5906 /* WKCollectionViewSectionHeaderView.h */,
				58838C721A9ECC6E008D5906 /* WKCollectionViewSectionHeaderView.m */,
				58838C731A9ECC6E008D5906 /* WKCollectionSectionView.h */,
				58838C741A9ECC6E008D5906 /* WKCollectionSectionView.m */,
				5871E4241AA8073A000BB448 /* KeyPressWindow.h */,
				5871E4251AA8073A000BB448 /* KeyPressWindow.m */,
			);
			path = "Sermon Slide Generator";
			sourceTree = "<group>";
		};
		580103521A8DA44000FC45A0 /* Supporting Files */ = {
			isa = PBXGroup;
			children = (
				580103531A8DA44000FC45A0 /* Info.plist */,
				580103571A8DA44000FC45A0 /* main.m */,
			);
			name = "Supporting Files";
			sourceTree = "<group>";
		};
		5801036E1A8DA44100FC45A0 /* Sermon Slide GeneratorTests */ = {
			isa = PBXGroup;
			children = (
				580103711A8DA44100FC45A0 /* Sermon_Slide_GeneratorTests.m */,
				5801036F1A8DA44100FC45A0 /* Supporting Files */,
			);
			path = "Sermon Slide GeneratorTests";
			sourceTree = "<group>";
		};
		5801036F1A8DA44100FC45A0 /* Supporting Files */ = {
			isa = PBXGroup;
			children = (
				580103701A8DA44100FC45A0 /* Info.plist */,
			);
			name = "Supporting Files";
			sourceTree = "<group>";
		};
		58C093F51A8E856500F1F964 /* SlideRenderer */ = {
			isa = PBXGroup;
			children = (
				58C093ED1A8E849600F1F964 /* SlideRenderer.h */,
				58C093EE1A8E849600F1F964 /* SlideRenderer.m */,
				58C093F11A8E855A00F1F964 /* SlideContainer.h */,
				58C093F21A8E855A00F1F964 /* SlideContainer.m */,
				58C093F61A8E862900F1F964 /* SlideElement.h */,
				58C093F71A8E862900F1F964 /* SlideElement.m */,
			);
			name = SlideRenderer;
			sourceTree = "<group>";
		};
/* End PBXGroup section */

/* Begin PBXNativeTarget section */
		5801034E1A8DA44000FC45A0 /* Sermon Slide Generator */ = {
			isa = PBXNativeTarget;
			buildConfigurationList = 580103751A8DA44100FC45A0 /* Build configuration list for PBXNativeTarget "Sermon Slide Generator" */;
			buildPhases = (
				5801034B1A8DA44000FC45A0 /* Sources */,
				5801034C1A8DA44000FC45A0 /* Frameworks */,
				5801034D1A8DA44000FC45A0 /* Resources */,
			);
			buildRules = (
			);
			dependencies = (
			);
			name = "Sermon Slide Generator";
			productName = "Sermon Slide Generator";
			productReference = 5801034F1A8DA44000FC45A0 /* Sermon Slide Generator.app */;
			productType = "com.apple.product-type.application";
		};
		5801036A1A8DA44000FC45A0 /* Sermon Slide GeneratorTests */ = {
			isa = PBXNativeTarget;
			buildConfigurationList = 580103781A8DA44100FC45A0 /* Build configuration list for PBXNativeTarget "Sermon Slide GeneratorTests" */;
			buildPhases = (
				580103671A8DA44000FC45A0 /* Sources */,
				580103681A8DA44000FC45A0 /* Frameworks */,
				580103691A8DA44000FC45A0 /* Resources */,
			);
			buildRules = (
			);
			dependencies = (
				5801036D1A8DA44000FC45A0 /* PBXTargetDependency */,
			);
			name = "Sermon Slide GeneratorTests";
			productName = "Sermon Slide GeneratorTests";
			productReference = 5801036B1A8DA44000FC45A0 /* Sermon Slide GeneratorTests.xctest */;
			productType = "com.apple.product-type.bundle.unit-test";
		};
/* End PBXNativeTarget section */

/* Begin PBXProject section */
		580103471A8DA44000FC45A0 /* Project object */ = {
			isa = PBXProject;
			attributes = {
				LastUpgradeCheck = 0610;
				ORGANIZATIONNAME = "Jason Terhorst";
				TargetAttributes = {
					5801034E1A8DA44000FC45A0 = {
						CreatedOnToolsVersion = 6.1.1;
						DevelopmentTeam = 88G66A5273;
					};
					5801036A1A8DA44000FC45A0 = {
						CreatedOnToolsVersion = 6.1.1;
						TestTargetID = 5801034E1A8DA44000FC45A0;
					};
				};
			};
			buildConfigurationList = 5801034A1A8DA44000FC45A0 /* Build configuration list for PBXProject "Sermon Slide Generator" */;
			compatibilityVersion = "Xcode 3.2";
			developmentRegion = English;
			hasScannedForEncodings = 0;
			knownRegions = (
				en,
				Base,
			);
			mainGroup = 580103461A8DA44000FC45A0;
			productRefGroup = 580103501A8DA44000FC45A0 /* Products */;
			projectDirPath = "";
			projectRoot = "";
			targets = (
				5801034E1A8DA44000FC45A0 /* Sermon Slide Generator */,
				5801036A1A8DA44000FC45A0 /* Sermon Slide GeneratorTests */,
			);
		};
/* End PBXProject section */

/* Begin PBXResourcesBuildPhase section */
		5801034D1A8DA44000FC45A0 /* Resources */ = {
			isa = PBXResourcesBuildPhase;
			buildActionMask = 2147483647;
			files = (
				5801035E1A8DA44000FC45A0 /* Document.xib in Resources */,
				580103631A8DA44000FC45A0 /* Images.xcassets in Resources */,
				580103661A8DA44000FC45A0 /* MainMenu.xib in Resources */,
			);
			runOnlyForDeploymentPostprocessing = 0;
		};
		580103691A8DA44000FC45A0 /* Resources */ = {
			isa = PBXResourcesBuildPhase;
			buildActionMask = 2147483647;
			files = (
			);
			runOnlyForDeploymentPostprocessing = 0;
		};
/* End PBXResourcesBuildPhase section */

/* Begin PBXSourcesBuildPhase section */
		5801034B1A8DA44000FC45A0 /* Sources */ = {
			isa = PBXSourcesBuildPhase;
			buildActionMask = 2147483647;
			files = (
				58838C791A9ECC6E008D5906 /* WKCollectionViewSectionHeaderView.m in Sources */,
				5871E4261AA8073A000BB448 /* KeyPressWindow.m in Sources */,
				580103611A8DA44000FC45A0 /* Document.xcdatamodeld in Sources */,
				5801035B1A8DA44000FC45A0 /* Document.m in Sources */,
				58DFF8631A91613800C8BFA6 /* Sermon.m in Sources */,
				58838C651A9D6768008D5906 /* DisplayOutputManager.m in Sources */,
				58C093EF1A8E849600F1F964 /* SlideRenderer.m in Sources */,
				58838C771A9ECC6E008D5906 /* WKCollectionViewCell.m in Sources */,
				58C093F31A8E855A00F1F964 /* SlideContainer.m in Sources */,
				58838C691A9D7597008D5906 /* DisplayLayoutView.m in Sources */,
				58838C7B1A9ECC6E008D5906 /* WKCollectionSectionView.m in Sources */,
				580103581A8DA44000FC45A0 /* main.m in Sources */,
				58838C751A9ECC6E008D5906 /* WKCollectionView.m in Sources */,
				58DFF8671A91613800C8BFA6 /* Slide.m in Sources */,
				58DFF85F1A913B1400C8BFA6 /* WKTTableRow.m in Sources */,
				580103561A8DA44000FC45A0 /* AppDelegate.m in Sources */,
				58FCCD4B1A9A7621006262AA /* ThumbnailViewController.m in Sources */,
				58C093F81A8E862900F1F964 /* SlideElement.m in Sources */,
			);
			runOnlyForDeploymentPostprocessing = 0;
		};
		580103671A8DA44000FC45A0 /* Sources */ = {
			isa = PBXSourcesBuildPhase;
			buildActionMask = 2147483647;
			files = (
				58838C761A9ECC6E008D5906 /* WKCollectionView.m in Sources */,
				58C093F91A8E862900F1F964 /* SlideElement.m in Sources */,
				58838C781A9ECC6E008D5906 /* WKCollectionViewCell.m in Sources */,
				58C093F41A8E855A00F1F964 /* SlideContainer.m in Sources */,
				58838C7C1A9ECC6E008D5906 /* WKCollectionSectionView.m in Sources */,
				58DFF8681A91613800C8BFA6 /* Slide.m in Sources */,
				58838C7A1A9ECC6E008D5906 /* WKCollectionViewSectionHeaderView.m in Sources */,
				58838C6A1A9D7597008D5906 /* DisplayLayoutView.m in Sources */,
				58838C661A9D6768008D5906 /* DisplayOutputManager.m in Sources */,
				58DFF8601A913B1400C8BFA6 /* WKTTableRow.m in Sources */,
				5871E4271AA8073A000BB448 /* KeyPressWindow.m in Sources */,
				58C093F01A8E849600F1F964 /* SlideRenderer.m in Sources */,
				580103721A8DA44100FC45A0 /* Sermon_Slide_GeneratorTests.m in Sources */,
				58DFF8641A91613800C8BFA6 /* Sermon.m in Sources */,
				58FCCD4C1A9A7621006262AA /* ThumbnailViewController.m in Sources */,
			);
			runOnlyForDeploymentPostprocessing = 0;
		};
/* End PBXSourcesBuildPhase section */

/* Begin PBXTargetDependency section */
		5801036D1A8DA44000FC45A0 /* PBXTargetDependency */ = {
			isa = PBXTargetDependency;
			target = 5801034E1A8DA44000FC45A0 /* Sermon Slide Generator */;
			targetProxy = 5801036C1A8DA44000FC45A0 /* PBXContainerItemProxy */;
		};
/* End PBXTargetDependency section */

/* Begin PBXVariantGroup section */
		5801035C1A8DA44000FC45A0 /* Document.xib */ = {
			isa = PBXVariantGroup;
			children = (
				5801035D1A8DA44000FC45A0 /* Base */,
			);
			name = Document.xib;
			sourceTree = "<group>";
		};
		580103641A8DA44000FC45A0 /* MainMenu.xib */ = {
			isa = PBXVariantGroup;
			children = (
				580103651A8DA44000FC45A0 /* Base */,
			);
			name = MainMenu.xib;
			sourceTree = "<group>";
		};
/* End PBXVariantGroup section */

/* Begin XCBuildConfiguration section */
		580103731A8DA44100FC45A0 /* Debug */ = {
			isa = XCBuildConfiguration;
			buildSettings = {
				ALWAYS_SEARCH_USER_PATHS = NO;
				CLANG_CXX_LANGUAGE_STANDARD = "gnu++0x";
				CLANG_CXX_LIBRARY = "libc++";
				CLANG_ENABLE_MODULES = YES;
				CLANG_ENABLE_OBJC_ARC = YES;
				CLANG_WARN_BOOL_CONVERSION = YES;
				CLANG_WARN_CONSTANT_CONVERSION = YES;
				CLANG_WARN_DIRECT_OBJC_ISA_USAGE = YES_ERROR;
				CLANG_WARN_EMPTY_BODY = YES;
				CLANG_WARN_ENUM_CONVERSION = YES;
				CLANG_WARN_INT_CONVERSION = YES;
				CLANG_WARN_OBJC_ROOT_CLASS = YES_ERROR;
				CLANG_WARN_UNREACHABLE_CODE = YES;
				CLANG_WARN__DUPLICATE_METHOD_MATCH = YES;
				CODE_SIGN_IDENTITY = "-";
				COPY_PHASE_STRIP = NO;
				ENABLE_STRICT_OBJC_MSGSEND = YES;
				GCC_C_LANGUAGE_STANDARD = gnu99;
				GCC_DYNAMIC_NO_PIC = NO;
				GCC_OPTIMIZATION_LEVEL = 0;
				GCC_PREPROCESSOR_DEFINITIONS = (
					"DEBUG=1",
					"$(inherited)",
				);
				GCC_SYMBOLS_PRIVATE_EXTERN = NO;
				GCC_WARN_64_TO_32_BIT_CONVERSION = YES;
				GCC_WARN_ABOUT_RETURN_TYPE = YES_ERROR;
				GCC_WARN_UNDECLARED_SELECTOR = YES;
				GCC_WARN_UNINITIALIZED_AUTOS = YES_AGGRESSIVE;
				GCC_WARN_UNUSED_FUNCTION = YES;
				GCC_WARN_UNUSED_VARIABLE = YES;
				MACOSX_DEPLOYMENT_TARGET = 10.10;
				MTL_ENABLE_DEBUG_INFO = YES;
				ONLY_ACTIVE_ARCH = YES;
				SDKROOT = macosx;
			};
			name = Debug;
		};
		580103741A8DA44100FC45A0 /* Release */ = {
			isa = XCBuildConfiguration;
			buildSettings = {
				ALWAYS_SEARCH_USER_PATHS = NO;
				CLANG_CXX_LANGUAGE_STANDARD = "gnu++0x";
				CLANG_CXX_LIBRARY = "libc++";
				CLANG_ENABLE_MODULES = YES;
				CLANG_ENABLE_OBJC_ARC = YES;
				CLANG_WARN_BOOL_CONVERSION = YES;
				CLANG_WARN_CONSTANT_CONVERSION = YES;
				CLANG_WARN_DIRECT_OBJC_ISA_USAGE = YES_ERROR;
				CLANG_WARN_EMPTY_BODY = YES;
				CLANG_WARN_ENUM_CONVERSION = YES;
				CLANG_WARN_INT_CONVERSION = YES;
				CLANG_WARN_OBJC_ROOT_CLASS = YES_ERROR;
				CLANG_WARN_UNREACHABLE_CODE = YES;
				CLANG_WARN__DUPLICATE_METHOD_MATCH = YES;
				CODE_SIGN_IDENTITY = "-";
				COPY_PHASE_STRIP = YES;
				DEBUG_INFORMATION_FORMAT = "dwarf-with-dsym";
				ENABLE_NS_ASSERTIONS = NO;
				ENABLE_STRICT_OBJC_MSGSEND = YES;
				GCC_C_LANGUAGE_STANDARD = gnu99;
				GCC_WARN_64_TO_32_BIT_CONVERSION = YES;
				GCC_WARN_ABOUT_RETURN_TYPE = YES_ERROR;
				GCC_WARN_UNDECLARED_SELECTOR = YES;
				GCC_WARN_UNINITIALIZED_AUTOS = YES_AGGRESSIVE;
				GCC_WARN_UNUSED_FUNCTION = YES;
				GCC_WARN_UNUSED_VARIABLE = YES;
				MACOSX_DEPLOYMENT_TARGET = 10.10;
				MTL_ENABLE_DEBUG_INFO = NO;
				SDKROOT = macosx;
			};
			name = Release;
		};
		580103761A8DA44100FC45A0 /* Debug */ = {
			isa = XCBuildConfiguration;
			buildSettings = {
				ASSETCATALOG_COMPILER_APPICON_NAME = AppIcon;
				COMBINE_HIDPI_IMAGES = YES;
				INFOPLIST_FILE = "Sermon Slide Generator/Info.plist";
				LD_RUNPATH_SEARCH_PATHS = "$(inherited) @executable_path/../Frameworks";
				PRODUCT_NAME = "$(TARGET_NAME)";
			};
			name = Debug;
		};
		580103771A8DA44100FC45A0 /* Release */ = {
			isa = XCBuildConfiguration;
			buildSettings = {
				ASSETCATALOG_COMPILER_APPICON_NAME = AppIcon;
				COMBINE_HIDPI_IMAGES = YES;
				INFOPLIST_FILE = "Sermon Slide Generator/Info.plist";
				LD_RUNPATH_SEARCH_PATHS = "$(inherited) @executable_path/../Frameworks";
				PRODUCT_NAME = "$(TARGET_NAME)";
			};
			name = Release;
		};
		580103791A8DA44100FC45A0 /* Debug */ = {
			isa = XCBuildConfiguration;
			buildSettings = {
				BUNDLE_LOADER = "$(TEST_HOST)";
				COMBINE_HIDPI_IMAGES = YES;
				FRAMEWORK_SEARCH_PATHS = (
					"$(DEVELOPER_FRAMEWORKS_DIR)",
					"$(inherited)",
				);
				GCC_PREPROCESSOR_DEFINITIONS = (
					"DEBUG=1",
					"$(inherited)",
				);
				INFOPLIST_FILE = "Sermon Slide GeneratorTests/Info.plist";
				LD_RUNPATH_SEARCH_PATHS = "$(inherited) @executable_path/../Frameworks @loader_path/../Frameworks";
				PRODUCT_NAME = "$(TARGET_NAME)";
				TEST_HOST = "$(BUILT_PRODUCTS_DIR)/Sermon Slide Generator.app/Contents/MacOS/Sermon Slide Generator";
			};
			name = Debug;
		};
		5801037A1A8DA44100FC45A0 /* Release */ = {
			isa = XCBuildConfiguration;
			buildSettings = {
				BUNDLE_LOADER = "$(TEST_HOST)";
				COMBINE_HIDPI_IMAGES = YES;
				FRAMEWORK_SEARCH_PATHS = (
					"$(DEVELOPER_FRAMEWORKS_DIR)",
					"$(inherited)",
				);
				INFOPLIST_FILE = "Sermon Slide GeneratorTests/Info.plist";
				LD_RUNPATH_SEARCH_PATHS = "$(inherited) @executable_path/../Frameworks @loader_path/../Frameworks";
				PRODUCT_NAME = "$(TARGET_NAME)";
				TEST_HOST = "$(BUILT_PRODUCTS_DIR)/Sermon Slide Generator.app/Contents/MacOS/Sermon Slide Generator";
			};
			name = Release;
		};
/* End XCBuildConfiguration section */

/* Begin XCConfigurationList section */
		5801034A1A8DA44000FC45A0 /* Build configuration list for PBXProject "Sermon Slide Generator" */ = {
			isa = XCConfigurationList;
			buildConfigurations = (
				580103731A8DA44100FC45A0 /* Debug */,
				580103741A8DA44100FC45A0 /* Release */,
			);
			defaultConfigurationIsVisible = 0;
			defaultConfigurationName = Release;
		};
		580103751A8DA44100FC45A0 /* Build configuration list for PBXNativeTarget "Sermon Slide Generator" */ = {
			isa = XCConfigurationList;
			buildConfigurations = (
				580103761A8DA44100FC45A0 /* Debug */,
				580103771A8DA44100FC45A0 /* Release */,
			);
			defaultConfigurationIsVisible = 0;
			defaultConfigurationName = Release;
		};
		580103781A8DA44100FC45A0 /* Build configuration list for PBXNativeTarget "Sermon Slide GeneratorTests" */ = {
			isa = XCConfigurationList;
			buildConfigurations = (
				580103791A8DA44100FC45A0 /* Debug */,
				5801037A1A8DA44100FC45A0 /* Release */,
			);
			defaultConfigurationIsVisible = 0;
			defaultConfigurationName = Release;
		};
/* End XCConfigurationList section */

/* Begin XCVersionGroup section */
		5801035F1A8DA44000FC45A0 /* Document.xcdatamodeld */ = {
			isa = XCVersionGroup;
			children = (
				580103601A8DA44000FC45A0 /* Document.xcdatamodel */,
			);
			currentVersion = 580103601A8DA44000FC45A0 /* Document.xcdatamodel */;
			path = Document.xcdatamodeld;
			sourceTree = "<group>";
			versionGroupType = wrapper.xcdatamodel;
		};
/* End XCVersionGroup section */
	};
	rootObject = 580103471A8DA44000FC45A0 /* Project object */;
}
